{
  "object": {
    "pins": [
      {
        "package": "CombineAsync",
        "repositoryURL": "git@github.com:rizumita/CombineAsync.git",
        "state": {
          "branch": null,
          "revision": "53aa87e9826d9c894787a150ed562694a50325a2",
          "version": "0.1.3"
        }
      }
    ]
  },
  "version": 1
}
